
Microsoft Visual Studio Solution File, Format Version 12.00
# Visual Studio Version 17
VisualStudioVersion = 17.7.34024.191
MinimumVisualStudioVersion = 10.0.40219.1
Project("{FAE04EC0-301F-11D3-BF4B-00C04F79EFBC}") = "PracticProgramm", "PracticProgramm\PracticProgramm.csproj", "{8AE5F9DF-DFA6-4D60-B525-E6A591607FA7}"
EndProject
Global
	GlobalSection(SolutionConfigurationPlatforms) = preSolution
		Debug|Any CPU = Debug|Any CPU
		Release|Any CPU = Release|Any CPU
	EndGlobalSection
	GlobalSection(ProjectConfigurationPlatforms) = postSolution
		{8AE5F9DF-DFA6-4D60-B525-E6A591607FA7}.Debug|Any CPU.ActiveCfg = Debug|Any CPU
		{8AE5F9DF-DFA6-4D60-B525-E6A591607FA7}.Debug|Any CPU.Build.0 = Debug|Any CPU
		{8AE5F9DF-DFA6-4D60-B525-E6A591607FA7}.Release|Any CPU.ActiveCfg = Release|Any CPU
		{8AE5F9DF-DFA6-4D60-B525-E6A591607FA7}.Release|Any CPU.Build.0 = Release|Any CPU
	EndGlobalSection
	GlobalSection(SolutionProperties) = preSolution
		HideSolutionNode = FALSE
	EndGlobalSection
	GlobalSection(ExtensibilityGlobals) = postSolution
		SolutionGuid = {E05C3269-7497-4D91-AF31-9CF2B861C838}
	EndGlobalSection
EndGlobal
